// !$*UTF8*$!
{
	archiveVersion = 1;
	classes = {
	};
	objectVersion = 46;
	objects = {

/* Begin PBXBuildFile section */
		D00518A917228E4100D7303E /* SNDPlayer.m in Sources */ = {isa = PBXBuildFile; fileRef = D00518A817228E4100D7303E /* SNDPlayer.m */; };
		D00AD3F2171E974600068DF1 /* Cocoa.framework in Frameworks */ = {isa = PBXBuildFile; fileRef = D00AD3F1171E974600068DF1 /* Cocoa.framework */; };
		D00AD3FC171E974600068DF1 /* InfoPlist.strings in Resources */ = {isa = PBXBuildFile; fileRef = D00AD3FA171E974600068DF1 /* InfoPlist.strings */; };
		D00AD3FE171E974600068DF1 /* main.m in Sources */ = {isa = PBXBuildFile; fileRef = D00AD3FD171E974600068DF1 /* main.m */; };
		D00AD402171E974600068DF1 /* Credits.rtf in Resources */ = {isa = PBXBuildFile; fileRef = D00AD400171E974600068DF1 /* Credits.rtf */; };
		D00AD405171E974600068DF1 /* SNDAppDelegate.m in Sources */ = {isa = PBXBuildFile; fileRef = D00AD404171E974600068DF1 /* SNDAppDelegate.m */; };
		D00AD413171E985A00068DF1 /* SNDWindow.m in Sources */ = {isa = PBXBuildFile; fileRef = D00AD412171E985A00068DF1 /* SNDWindow.m */; };
		D00AD41C171EA03F00068DF1 /* SNDPlaylist.m in Sources */ = {isa = PBXBuildFile; fileRef = D00AD41B171EA03F00068DF1 /* SNDPlaylist.m */; };
		D00AD422171EAECC00068DF1 /* SNDPlaylistView.m in Sources */ = {isa = PBXBuildFile; fileRef = D00AD421171EAECC00068DF1 /* SNDPlaylistView.m */; };
		D00BA6C31AAB36EA0085935E /* TagLib.framework in Frameworks */ = {isa = PBXBuildFile; fileRef = D01C8D5E172E6CFE007FB252 /* TagLib.framework */; };
		D01C8D60172E6D21007FB252 /* TagLib.framework in CopyFiles */ = {isa = PBXBuildFile; fileRef = D01C8D5E172E6CFE007FB252 /* TagLib.framework */; };
		D01D488A173F6C5C0036DE6D /* NSString+versionsCompare.m in Sources */ = {isa = PBXBuildFile; fileRef = D01D4889173F6C5C0036DE6D /* NSString+versionsCompare.m */; };
		D02BAEF01AAB4E700040919D /* CocoaLumberjack.framework in Frameworks */ = {isa = PBXBuildFile; fileRef = D02BAEEF1AAB4E700040919D /* CocoaLumberjack.framework */; };
		D02BAEF11AAB4E7C0040919D /* CocoaLumberjack.framework in CopyFiles */ = {isa = PBXBuildFile; fileRef = D02BAEEF1AAB4E700040919D /* CocoaLumberjack.framework */; settings = {ATTRIBUTES = (CodeSignOnCopy, RemoveHeadersOnCopy, ); }; };
		D031DA1A1724463B000DD09A /* icon.icns in Resources */ = {isa = PBXBuildFile; fileRef = D031DA191724463B000DD09A /* icon.icns */; };
		D031DA1D1724493E000DD09A /* SNDModel.xcdatamodeld in Sources */ = {isa = PBXBuildFile; fileRef = D031DA1B1724493E000DD09A /* SNDModel.xcdatamodeld */; };
		D0363F021738093100EDA811 /* SNDTotalPlaybackTimeCounter.m in Sources */ = {isa = PBXBuildFile; fileRef = D0363F011738093100EDA811 /* SNDTotalPlaybackTimeCounter.m */; };
		D04EE3AA1AAB3AE800BFD7F2 /* libbass.dylib in CopyFiles */ = {isa = PBXBuildFile; fileRef = D00BA6BB1AAB2FD00085935E /* libbass.dylib */; settings = {ATTRIBUTES = (CodeSignOnCopy, ); }; };
		D04EE3AB1AAB3AEA00BFD7F2 /* libbassflac.dylib in CopyFiles */ = {isa = PBXBuildFile; fileRef = D00BA6C01AAB31FA0085935E /* libbassflac.dylib */; settings = {ATTRIBUTES = (CodeSignOnCopy, ); }; };
		D04EE3AD1AAB3AFB00BFD7F2 /* libbass.dylib in Frameworks */ = {isa = PBXBuildFile; fileRef = D00BA6BB1AAB2FD00085935E /* libbass.dylib */; };
		D04EE3AE1AAB3AFD00BFD7F2 /* libbassflac.dylib in Frameworks */ = {isa = PBXBuildFile; fileRef = D00BA6C01AAB31FA0085935E /* libbassflac.dylib */; };
		D05B2F8D172FA6250043A774 /* SNDBox.m in Sources */ = {isa = PBXBuildFile; fileRef = D05B2F8C172FA6250043A774 /* SNDBox.m */; };
		D0976E78173EAC7B004172C0 /* UpdateReminder.xib in Resources */ = {isa = PBXBuildFile; fileRef = D0976E77173EAC7B004172C0 /* UpdateReminder.xib */; };
		D0976E7B173EAD59004172C0 /* SNDLatestVersionXMLLoader.m in Sources */ = {isa = PBXBuildFile; fileRef = D0976E7A173EACC5004172C0 /* SNDLatestVersionXMLLoader.m */; };
		D09EFBB917265B950039EF03 /* pic_next.png in Resources */ = {isa = PBXBuildFile; fileRef = D09EFBAB17265B950039EF03 /* pic_next.png */; };
		D09EFBBA17265B950039EF03 /* pic_next@2x.png in Resources */ = {isa = PBXBuildFile; fileRef = D09EFBAC17265B950039EF03 /* pic_next@2x.png */; };
		D09EFBBB17265B950039EF03 /* pic_play.png in Resources */ = {isa = PBXBuildFile; fileRef = D09EFBAD17265B950039EF03 /* pic_play.png */; };
		D09EFBBC17265B950039EF03 /* pic_play@2x.png in Resources */ = {isa = PBXBuildFile; fileRef = D09EFBAE17265B950039EF03 /* pic_play@2x.png */; };
		D09EFBBD17265B950039EF03 /* pic_previous.png in Resources */ = {isa = PBXBuildFile; fileRef = D09EFBAF17265B950039EF03 /* pic_previous.png */; };
		D09EFBBE17265B950039EF03 /* pic_previous@2x.png in Resources */ = {isa = PBXBuildFile; fileRef = D09EFBB017265B950039EF03 /* pic_previous@2x.png */; };
		D09EFBBF17265B950039EF03 /* pic_repeat_off.png in Resources */ = {isa = PBXBuildFile; fileRef = D09EFBB117265B950039EF03 /* pic_repeat_off.png */; };
		D09EFBC017265B950039EF03 /* pic_repeat_off@2x.png in Resources */ = {isa = PBXBuildFile; fileRef = D09EFBB217265B950039EF03 /* pic_repeat_off@2x.png */; };
		D09EFBC117265B950039EF03 /* pic_repeat_on.png in Resources */ = {isa = PBXBuildFile; fileRef = D09EFBB317265B950039EF03 /* pic_repeat_on.png */; };
		D09EFBC217265B950039EF03 /* pic_repeat_on@2x.png in Resources */ = {isa = PBXBuildFile; fileRef = D09EFBB417265B950039EF03 /* pic_repeat_on@2x.png */; };
		D09EFBC317265B950039EF03 /* pic_shuffle_off.png in Resources */ = {isa = PBXBuildFile; fileRef = D09EFBB517265B950039EF03 /* pic_shuffle_off.png */; };
		D09EFBC417265B950039EF03 /* pic_shuffle_off@2x.png in Resources */ = {isa = PBXBuildFile; fileRef = D09EFBB617265B950039EF03 /* pic_shuffle_off@2x.png */; };
		D09EFBC517265B950039EF03 /* pic_shuffle_on.png in Resources */ = {isa = PBXBuildFile; fileRef = D09EFBB717265B950039EF03 /* pic_shuffle_on.png */; };
		D09EFBC617265B950039EF03 /* pic_shuffle_on@2x.png in Resources */ = {isa = PBXBuildFile; fileRef = D09EFBB817265B950039EF03 /* pic_shuffle_on@2x.png */; };
		D09EFBC917265E2C0039EF03 /* pic_pause.png in Resources */ = {isa = PBXBuildFile; fileRef = D09EFBC717265E2C0039EF03 /* pic_pause.png */; };
		D09EFBCA17265E2C0039EF03 /* pic_pause@2x.png in Resources */ = {isa = PBXBuildFile; fileRef = D09EFBC817265E2C0039EF03 /* pic_pause@2x.png */; };
		D0B4385F173EA64300CEC846 /* SNDUpdateReminderController.m in Sources */ = {isa = PBXBuildFile; fileRef = D0B4385E173EA64300CEC846 /* SNDUpdateReminderController.m */; };
		D0C489141726A053009FF7C7 /* SNDPlaybackSegmentedControl.m in Sources */ = {isa = PBXBuildFile; fileRef = D0C489131726A053009FF7C7 /* SNDPlaybackSegmentedControl.m */; };
		D0D13D0B1737AAAA004AF1EB /* SNDPreferencesController.m in Sources */ = {isa = PBXBuildFile; fileRef = D0D13D0A1737AAAA004AF1EB /* SNDPreferencesController.m */; };
		D0D13D0F1737AB0B004AF1EB /* Preferences.xib in Resources */ = {isa = PBXBuildFile; fileRef = D0D13D0E1737AB0A004AF1EB /* Preferences.xib */; };
		D0D13D111737AB2F004AF1EB /* MainMenu.xib in Resources */ = {isa = PBXBuildFile; fileRef = D0D13D101737AB2F004AF1EB /* MainMenu.xib */; };
		D0D13D121737ADD5004AF1EB /* NSNumber+hhmmssFromSeconds.m in Sources */ = {isa = PBXBuildFile; fileRef = D0D13D0D1737AACE004AF1EB /* NSNumber+hhmmssFromSeconds.m */; };
		D0D5DB73172E74430079AFA6 /* SNDTrack.mm in Sources */ = {isa = PBXBuildFile; fileRef = D0D5DB72172E74430079AFA6 /* SNDTrack.mm */; };
		D0E716B6173A6FDC0062E609 /* SNDPlaylistRenameController.m in Sources */ = {isa = PBXBuildFile; fileRef = D0E716B5173A6FDC0062E609 /* SNDPlaylistRenameController.m */; };
		D0E716BA173A83B60062E609 /* PlaylistRename.xib in Resources */ = {isa = PBXBuildFile; fileRef = D0E716B9173A83B60062E609 /* PlaylistRename.xib */; };
/* End PBXBuildFile section */

/* Begin PBXCopyFilesBuildPhase section */
		D04EE3A91AAB3AE400BFD7F2 /* CopyFiles */ = {
			isa = PBXCopyFilesBuildPhase;
			buildActionMask = 2147483647;
			dstPath = "";
			dstSubfolderSpec = 6;
			files = (
				D04EE3AA1AAB3AE800BFD7F2 /* libbass.dylib in CopyFiles */,
				D04EE3AB1AAB3AEA00BFD7F2 /* libbassflac.dylib in CopyFiles */,
			);
			runOnlyForDeploymentPostprocessing = 0;
		};
		D0A7A3AA172A516500B86669 /* CopyFiles */ = {
			isa = PBXCopyFilesBuildPhase;
			buildActionMask = 2147483647;
			dstPath = "";
			dstSubfolderSpec = 10;
			files = (
				D01C8D60172E6D21007FB252 /* TagLib.framework in CopyFiles */,
				D02BAEF11AAB4E7C0040919D /* CocoaLumberjack.framework in CopyFiles */,
			);
			runOnlyForDeploymentPostprocessing = 0;
		};
/* End PBXCopyFilesBuildPhase section */

/* Begin PBXFileReference section */
		D00518A717228E4100D7303E /* SNDPlayer.h */ = {isa = PBXFileReference; fileEncoding = 4; lastKnownFileType = sourcecode.c.h; path = SNDPlayer.h; sourceTree = "<group>"; };
		D00518A817228E4100D7303E /* SNDPlayer.m */ = {isa = PBXFileReference; fileEncoding = 4; lastKnownFileType = sourcecode.c.objc; path = SNDPlayer.m; sourceTree = "<group>"; };
		D00AD3EE171E974600068DF1 /* SND.app */ = {isa = PBXFileReference; explicitFileType = wrapper.application; includeInIndex = 0; path = SND.app; sourceTree = BUILT_PRODUCTS_DIR; };
		D00AD3F1171E974600068DF1 /* Cocoa.framework */ = {isa = PBXFileReference; lastKnownFileType = wrapper.framework; name = Cocoa.framework; path = System/Library/Frameworks/Cocoa.framework; sourceTree = SDKROOT; };
		D00AD3F9171E974600068DF1 /* SND-Info.plist */ = {isa = PBXFileReference; lastKnownFileType = text.plist.xml; path = "SND-Info.plist"; sourceTree = "<group>"; };
		D00AD3FB171E974600068DF1 /* en */ = {isa = PBXFileReference; lastKnownFileType = text.plist.strings; name = en; path = en.lproj/InfoPlist.strings; sourceTree = "<group>"; };
		D00AD3FD171E974600068DF1 /* main.m */ = {isa = PBXFileReference; lastKnownFileType = sourcecode.c.objc; path = main.m; sourceTree = "<group>"; };
		D00AD3FF171E974600068DF1 /* SND-Prefix.pch */ = {isa = PBXFileReference; lastKnownFileType = sourcecode.c.h; path = "SND-Prefix.pch"; sourceTree = "<group>"; };
		D00AD401171E974600068DF1 /* en */ = {isa = PBXFileReference; lastKnownFileType = text.rtf; name = en; path = en.lproj/Credits.rtf; sourceTree = "<group>"; };
		D00AD403171E974600068DF1 /* SNDAppDelegate.h */ = {isa = PBXFileReference; lastKnownFileType = sourcecode.c.h; path = SNDAppDelegate.h; sourceTree = "<group>"; };
		D00AD404171E974600068DF1 /* SNDAppDelegate.m */ = {isa = PBXFileReference; lastKnownFileType = sourcecode.c.objc; path = SNDAppDelegate.m; sourceTree = "<group>"; };
		D00AD411171E985A00068DF1 /* SNDWindow.h */ = {isa = PBXFileReference; fileEncoding = 4; lastKnownFileType = sourcecode.c.h; path = SNDWindow.h; sourceTree = "<group>"; };
		D00AD412171E985A00068DF1 /* SNDWindow.m */ = {isa = PBXFileReference; fileEncoding = 4; lastKnownFileType = sourcecode.c.objc; path = SNDWindow.m; sourceTree = "<group>"; };
		D00AD41A171EA03F00068DF1 /* SNDPlaylist.h */ = {isa = PBXFileReference; fileEncoding = 4; lastKnownFileType = sourcecode.c.h; path = SNDPlaylist.h; sourceTree = "<group>"; };
		D00AD41B171EA03F00068DF1 /* SNDPlaylist.m */ = {isa = PBXFileReference; fileEncoding = 4; lastKnownFileType = sourcecode.c.objc; path = SNDPlaylist.m; sourceTree = "<group>"; };
		D00AD41D171EA4C600068DF1 /* SNDTrack.h */ = {isa = PBXFileReference; fileEncoding = 4; lastKnownFileType = sourcecode.c.h; path = SNDTrack.h; sourceTree = "<group>"; };
		D00AD420171EAECC00068DF1 /* SNDPlaylistView.h */ = {isa = PBXFileReference; fileEncoding = 4; lastKnownFileType = sourcecode.c.h; path = SNDPlaylistView.h; sourceTree = "<group>"; };
		D00AD421171EAECC00068DF1 /* SNDPlaylistView.m */ = {isa = PBXFileReference; fileEncoding = 4; lastKnownFileType = sourcecode.c.objc; path = SNDPlaylistView.m; sourceTree = "<group>"; };
		D00BA6BA1AAB2D3D0085935E /* bass.h */ = {isa = PBXFileReference; lastKnownFileType = sourcecode.c.h; path = bass.h; sourceTree = "<group>"; };
		D00BA6BB1AAB2FD00085935E /* libbass.dylib */ = {isa = PBXFileReference; lastKnownFileType = "compiled.mach-o.dylib"; name = libbass.dylib; path = SND/Frameworks/libbass.dylib; sourceTree = "<group>"; };
		D00BA6C01AAB31FA0085935E /* libbassflac.dylib */ = {isa = PBXFileReference; lastKnownFileType = "compiled.mach-o.dylib"; name = libbassflac.dylib; path = SND/Frameworks/libbassflac.dylib; sourceTree = "<group>"; };
		D01C8D5E172E6CFE007FB252 /* TagLib.framework */ = {isa = PBXFileReference; lastKnownFileType = wrapper.framework; name = TagLib.framework; path = SND/Frameworks/TagLib.framework; sourceTree = "<group>"; };
		D01D4888173F6C5B0036DE6D /* NSString+versionsCompare.h */ = {isa = PBXFileReference; fileEncoding = 4; lastKnownFileType = sourcecode.c.h; name = "NSString+versionsCompare.h"; path = "SND/NSString+versionsCompare.h"; sourceTree = "<group>"; };
		D01D4889173F6C5C0036DE6D /* NSString+versionsCompare.m */ = {isa = PBXFileReference; fileEncoding = 4; lastKnownFileType = sourcecode.c.objc; name = "NSString+versionsCompare.m"; path = "SND/NSString+versionsCompare.m"; sourceTree = "<group>"; };
		D02BAEEF1AAB4E700040919D /* CocoaLumberjack.framework */ = {isa = PBXFileReference; lastKnownFileType = wrapper.framework; name = CocoaLumberjack.framework; path = SND/Frameworks/CocoaLumberjack.framework; sourceTree = "<group>"; };
		D031DA191724463B000DD09A /* icon.icns */ = {isa = PBXFileReference; lastKnownFileType = image.icns; path = icon.icns; sourceTree = "<group>"; };
		D031DA1C1724493E000DD09A /* SNDModel.xcdatamodel */ = {isa = PBXFileReference; lastKnownFileType = wrapper.xcdatamodel; path = SNDModel.xcdatamodel; sourceTree = "<group>"; };
		D0363F001738093100EDA811 /* SNDTotalPlaybackTimeCounter.h */ = {isa = PBXFileReference; fileEncoding = 4; lastKnownFileType = sourcecode.c.h; name = SNDTotalPlaybackTimeCounter.h; path = SND/SNDTotalPlaybackTimeCounter.h; sourceTree = "<group>"; };
		D0363F011738093100EDA811 /* SNDTotalPlaybackTimeCounter.m */ = {isa = PBXFileReference; fileEncoding = 4; lastKnownFileType = sourcecode.c.objc; name = SNDTotalPlaybackTimeCounter.m; path = SND/SNDTotalPlaybackTimeCounter.m; sourceTree = "<group>"; };
		D05B2F8B172FA6250043A774 /* SNDBox.h */ = {isa = PBXFileReference; fileEncoding = 4; lastKnownFileType = sourcecode.c.h; path = SNDBox.h; sourceTree = "<group>"; };
		D05B2F8C172FA6250043A774 /* SNDBox.m */ = {isa = PBXFileReference; fileEncoding = 4; lastKnownFileType = sourcecode.c.objc; path = SNDBox.m; sourceTree = "<group>"; };
		D0976E77173EAC7B004172C0 /* UpdateReminder.xib */ = {isa = PBXFileReference; fileEncoding = 4; lastKnownFileType = file.xib; path = UpdateReminder.xib; sourceTree = "<group>"; };
		D0976E79173EACC5004172C0 /* SNDLatestVersionXMLLoader.h */ = {isa = PBXFileReference; lastKnownFileType = sourcecode.c.h; name = SNDLatestVersionXMLLoader.h; path = SND/SNDLatestVersionXMLLoader.h; sourceTree = "<group>"; };
		D0976E7A173EACC5004172C0 /* SNDLatestVersionXMLLoader.m */ = {isa = PBXFileReference; lastKnownFileType = sourcecode.c.objc; name = SNDLatestVersionXMLLoader.m; path = SND/SNDLatestVersionXMLLoader.m; sourceTree = "<group>"; };
		D09EFBAB17265B950039EF03 /* pic_next.png */ = {isa = PBXFileReference; lastKnownFileType = image.png; path = pic_next.png; sourceTree = "<group>"; };
		D09EFBAC17265B950039EF03 /* pic_next@2x.png */ = {isa = PBXFileReference; lastKnownFileType = image.png; path = "pic_next@2x.png"; sourceTree = "<group>"; };
		D09EFBAD17265B950039EF03 /* pic_play.png */ = {isa = PBXFileReference; lastKnownFileType = image.png; path = pic_play.png; sourceTree = "<group>"; };
		D09EFBAE17265B950039EF03 /* pic_play@2x.png */ = {isa = PBXFileReference; lastKnownFileType = image.png; path = "pic_play@2x.png"; sourceTree = "<group>"; };
		D09EFBAF17265B950039EF03 /* pic_previous.png */ = {isa = PBXFileReference; lastKnownFileType = image.png; path = pic_previous.png; sourceTree = "<group>"; };
		D09EFBB017265B950039EF03 /* pic_previous@2x.png */ = {isa = PBXFileReference; lastKnownFileType = image.png; path = "pic_previous@2x.png"; sourceTree = "<group>"; };
		D09EFBB117265B950039EF03 /* pic_repeat_off.png */ = {isa = PBXFileReference; lastKnownFileType = image.png; path = pic_repeat_off.png; sourceTree = "<group>"; };
		D09EFBB217265B950039EF03 /* pic_repeat_off@2x.png */ = {isa = PBXFileReference; lastKnownFileType = image.png; path = "pic_repeat_off@2x.png"; sourceTree = "<group>"; };
		D09EFBB317265B950039EF03 /* pic_repeat_on.png */ = {isa = PBXFileReference; lastKnownFileType = image.png; path = pic_repeat_on.png; sourceTree = "<group>"; };
		D09EFBB417265B950039EF03 /* pic_repeat_on@2x.png */ = {isa = PBXFileReference; lastKnownFileType = image.png; path = "pic_repeat_on@2x.png"; sourceTree = "<group>"; };
		D09EFBB517265B950039EF03 /* pic_shuffle_off.png */ = {isa = PBXFileReference; lastKnownFileType = image.png; path = pic_shuffle_off.png; sourceTree = "<group>"; };
		D09EFBB617265B950039EF03 /* pic_shuffle_off@2x.png */ = {isa = PBXFileReference; lastKnownFileType = image.png; path = "pic_shuffle_off@2x.png"; sourceTree = "<group>"; };
		D09EFBB717265B950039EF03 /* pic_shuffle_on.png */ = {isa = PBXFileReference; lastKnownFileType = image.png; path = pic_shuffle_on.png; sourceTree = "<group>"; };
		D09EFBB817265B950039EF03 /* pic_shuffle_on@2x.png */ = {isa = PBXFileReference; lastKnownFileType = image.png; path = "pic_shuffle_on@2x.png"; sourceTree = "<group>"; };
		D09EFBC717265E2C0039EF03 /* pic_pause.png */ = {isa = PBXFileReference; lastKnownFileType = image.png; path = pic_pause.png; sourceTree = "<group>"; };
		D09EFBC817265E2C0039EF03 /* pic_pause@2x.png */ = {isa = PBXFileReference; lastKnownFileType = image.png; path = "pic_pause@2x.png"; sourceTree = "<group>"; };
		D0B4385D173EA64300CEC846 /* SNDUpdateReminderController.h */ = {isa = PBXFileReference; fileEncoding = 4; lastKnownFileType = sourcecode.c.h; name = SNDUpdateReminderController.h; path = SND/SNDUpdateReminderController.h; sourceTree = "<group>"; };
		D0B4385E173EA64300CEC846 /* SNDUpdateReminderController.m */ = {isa = PBXFileReference; fileEncoding = 4; lastKnownFileType = sourcecode.c.objc; name = SNDUpdateReminderController.m; path = SND/SNDUpdateReminderController.m; sourceTree = "<group>"; };
		D0C489121726A053009FF7C7 /* SNDPlaybackSegmentedControl.h */ = {isa = PBXFileReference; fileEncoding = 4; lastKnownFileType = sourcecode.c.h; name = SNDPlaybackSegmentedControl.h; path = SND/SNDPlaybackSegmentedControl.h; sourceTree = "<group>"; };
		D0C489131726A053009FF7C7 /* SNDPlaybackSegmentedControl.m */ = {isa = PBXFileReference; fileEncoding = 4; lastKnownFileType = sourcecode.c.objc; name = SNDPlaybackSegmentedControl.m; path = SND/SNDPlaybackSegmentedControl.m; sourceTree = "<group>"; };
		D0D13D091737AAAA004AF1EB /* SNDPreferencesController.h */ = {isa = PBXFileReference; fileEncoding = 4; lastKnownFileType = sourcecode.c.h; name = SNDPreferencesController.h; path = SND/SNDPreferencesController.h; sourceTree = "<group>"; };
		D0D13D0A1737AAAA004AF1EB /* SNDPreferencesController.m */ = {isa = PBXFileReference; fileEncoding = 4; lastKnownFileType = sourcecode.c.objc; name = SNDPreferencesController.m; path = SND/SNDPreferencesController.m; sourceTree = "<group>"; };
		D0D13D0C1737AACE004AF1EB /* NSNumber+hhmmssFromSeconds.h */ = {isa = PBXFileReference; lastKnownFileType = sourcecode.c.h; name = "NSNumber+hhmmssFromSeconds.h"; path = "SND/NSNumber+hhmmssFromSeconds.h"; sourceTree = "<group>"; };
		D0D13D0D1737AACE004AF1EB /* NSNumber+hhmmssFromSeconds.m */ = {isa = PBXFileReference; lastKnownFileType = sourcecode.c.objc; name = "NSNumber+hhmmssFromSeconds.m"; path = "SND/NSNumber+hhmmssFromSeconds.m"; sourceTree = "<group>"; };
		D0D13D0E1737AB0A004AF1EB /* Preferences.xib */ = {isa = PBXFileReference; fileEncoding = 4; lastKnownFileType = file.xib; path = Preferences.xib; sourceTree = "<group>"; };
		D0D13D101737AB2F004AF1EB /* MainMenu.xib */ = {isa = PBXFileReference; fileEncoding = 4; lastKnownFileType = file.xib; path = MainMenu.xib; sourceTree = "<group>"; };
		D0D5DB72172E74430079AFA6 /* SNDTrack.mm */ = {isa = PBXFileReference; fileEncoding = 4; lastKnownFileType = sourcecode.cpp.objcpp; path = SNDTrack.mm; sourceTree = "<group>"; };
		D0E716B4173A6FDC0062E609 /* SNDPlaylistRenameController.h */ = {isa = PBXFileReference; fileEncoding = 4; lastKnownFileType = sourcecode.c.h; name = SNDPlaylistRenameController.h; path = SND/SNDPlaylistRenameController.h; sourceTree = "<group>"; };
		D0E716B5173A6FDC0062E609 /* SNDPlaylistRenameController.m */ = {isa = PBXFileReference; fileEncoding = 4; lastKnownFileType = sourcecode.c.objc; name = SNDPlaylistRenameController.m; path = SND/SNDPlaylistRenameController.m; sourceTree = "<group>"; };
		D0E716B9173A83B60062E609 /* PlaylistRename.xib */ = {isa = PBXFileReference; fileEncoding = 4; lastKnownFileType = file.xib; path = PlaylistRename.xib; sourceTree = "<group>"; };
/* End PBXFileReference section */

/* Begin PBXFrameworksBuildPhase section */
		D00AD3EB171E974600068DF1 /* Frameworks */ = {
			isa = PBXFrameworksBuildPhase;
			buildActionMask = 2147483647;
			files = (
				D00AD3F2171E974600068DF1 /* Cocoa.framework in Frameworks */,
				D00BA6C31AAB36EA0085935E /* TagLib.framework in Frameworks */,
				D02BAEF01AAB4E700040919D /* CocoaLumberjack.framework in Frameworks */,
				D04EE3AD1AAB3AFB00BFD7F2 /* libbass.dylib in Frameworks */,
				D04EE3AE1AAB3AFD00BFD7F2 /* libbassflac.dylib in Frameworks */,
			);
			runOnlyForDeploymentPostprocessing = 0;
		};
/* End PBXFrameworksBuildPhase section */

/* Begin PBXGroup section */
		D00AD3E5171E974600068DF1 = {
			isa = PBXGroup;
			children = (
				D031DA191724463B000DD09A /* icon.icns */,
				D00AD3F7171E974600068DF1 /* SND */,
				D00AD3F0171E974600068DF1 /* Frameworks */,
				D00AD3EF171E974600068DF1 /* Products */,
			);
			sourceTree = "<group>";
		};
		D00AD3EF171E974600068DF1 /* Products */ = {
			isa = PBXGroup;
			children = (
				D00AD3EE171E974600068DF1 /* SND.app */,
			);
			name = Products;
			sourceTree = "<group>";
		};
		D00AD3F0171E974600068DF1 /* Frameworks */ = {
			isa = PBXGroup;
			children = (
				D02BAEEF1AAB4E700040919D /* CocoaLumberjack.framework */,
				D00BA6BB1AAB2FD00085935E /* libbass.dylib */,
				D00BA6C01AAB31FA0085935E /* libbassflac.dylib */,
				D01C8D5E172E6CFE007FB252 /* TagLib.framework */,
				D00AD3F1171E974600068DF1 /* Cocoa.framework */,
			);
			name = Frameworks;
			sourceTree = "<group>";
		};
		D00AD3F7171E974600068DF1 /* SND */ = {
			isa = PBXGroup;
			children = (
				D00AD403171E974600068DF1 /* SNDAppDelegate.h */,
				D00AD404171E974600068DF1 /* SNDAppDelegate.m */,
				D00AD420171EAECC00068DF1 /* SNDPlaylistView.h */,
				D00AD421171EAECC00068DF1 /* SNDPlaylistView.m */,
				D05B2F8B172FA6250043A774 /* SNDBox.h */,
				D05B2F8C172FA6250043A774 /* SNDBox.m */,
				D00AD41A171EA03F00068DF1 /* SNDPlaylist.h */,
				D00AD41B171EA03F00068DF1 /* SNDPlaylist.m */,
				D00518A717228E4100D7303E /* SNDPlayer.h */,
				D00518A817228E4100D7303E /* SNDPlayer.m */,
				D00AD41D171EA4C600068DF1 /* SNDTrack.h */,
				D0D5DB72172E74430079AFA6 /* SNDTrack.mm */,
				D00AD411171E985A00068DF1 /* SNDWindow.h */,
				D00AD412171E985A00068DF1 /* SNDWindow.m */,
				D0E71BA717269AC8009E17DD /* misc */,
				D09EFBA8172655200039EF03 /* XIB */,
				D09EFBA917265B950039EF03 /* resources */,
				D00AD3F8171E974600068DF1 /* Supporting Files */,
			);
			path = SND;
			sourceTree = "<group>";
		};
		D00AD3F8171E974600068DF1 /* Supporting Files */ = {
			isa = PBXGroup;
			children = (
				D00BA6BA1AAB2D3D0085935E /* bass.h */,
				D00AD3F9171E974600068DF1 /* SND-Info.plist */,
				D00AD3FA171E974600068DF1 /* InfoPlist.strings */,
				D00AD3FD171E974600068DF1 /* main.m */,
				D00AD3FF171E974600068DF1 /* SND-Prefix.pch */,
				D00AD400171E974600068DF1 /* Credits.rtf */,
				D031DA1B1724493E000DD09A /* SNDModel.xcdatamodeld */,
			);
			name = "Supporting Files";
			sourceTree = "<group>";
		};
		D09EFBA8172655200039EF03 /* XIB */ = {
			isa = PBXGroup;
			children = (
				D0976E77173EAC7B004172C0 /* UpdateReminder.xib */,
				D0E716B9173A83B60062E609 /* PlaylistRename.xib */,
				D0D13D101737AB2F004AF1EB /* MainMenu.xib */,
				D0D13D0E1737AB0A004AF1EB /* Preferences.xib */,
			);
			name = XIB;
			sourceTree = "<group>";
		};
		D09EFBA917265B950039EF03 /* resources */ = {
			isa = PBXGroup;
			children = (
				D09EFBAA17265B950039EF03 /* control_pics */,
			);
			path = resources;
			sourceTree = SOURCE_ROOT;
		};
		D09EFBAA17265B950039EF03 /* control_pics */ = {
			isa = PBXGroup;
			children = (
				D09EFBC717265E2C0039EF03 /* pic_pause.png */,
				D09EFBC817265E2C0039EF03 /* pic_pause@2x.png */,
				D09EFBAB17265B950039EF03 /* pic_next.png */,
				D09EFBAC17265B950039EF03 /* pic_next@2x.png */,
				D09EFBAD17265B950039EF03 /* pic_play.png */,
				D09EFBAE17265B950039EF03 /* pic_play@2x.png */,
				D09EFBAF17265B950039EF03 /* pic_previous.png */,
				D09EFBB017265B950039EF03 /* pic_previous@2x.png */,
				D09EFBB117265B950039EF03 /* pic_repeat_off.png */,
				D09EFBB217265B950039EF03 /* pic_repeat_off@2x.png */,
				D09EFBB317265B950039EF03 /* pic_repeat_on.png */,
				D09EFBB417265B950039EF03 /* pic_repeat_on@2x.png */,
				D09EFBB517265B950039EF03 /* pic_shuffle_off.png */,
				D09EFBB617265B950039EF03 /* pic_shuffle_off@2x.png */,
				D09EFBB717265B950039EF03 /* pic_shuffle_on.png */,
				D09EFBB817265B950039EF03 /* pic_shuffle_on@2x.png */,
			);
			path = control_pics;
			sourceTree = "<group>";
		};
		D0E71BA717269AC8009E17DD /* misc */ = {
			isa = PBXGroup;
			children = (
				D0363F001738093100EDA811 /* SNDTotalPlaybackTimeCounter.h */,
				D0363F011738093100EDA811 /* SNDTotalPlaybackTimeCounter.m */,
				D0D13D0C1737AACE004AF1EB /* NSNumber+hhmmssFromSeconds.h */,
				D0D13D0D1737AACE004AF1EB /* NSNumber+hhmmssFromSeconds.m */,
				D01D4888173F6C5B0036DE6D /* NSString+versionsCompare.h */,
				D01D4889173F6C5C0036DE6D /* NSString+versionsCompare.m */,
				D0C489121726A053009FF7C7 /* SNDPlaybackSegmentedControl.h */,
				D0C489131726A053009FF7C7 /* SNDPlaybackSegmentedControl.m */,
				D0D13D091737AAAA004AF1EB /* SNDPreferencesController.h */,
				D0D13D0A1737AAAA004AF1EB /* SNDPreferencesController.m */,
				D0E716B4173A6FDC0062E609 /* SNDPlaylistRenameController.h */,
				D0E716B5173A6FDC0062E609 /* SNDPlaylistRenameController.m */,
				D0976E79173EACC5004172C0 /* SNDLatestVersionXMLLoader.h */,
				D0976E7A173EACC5004172C0 /* SNDLatestVersionXMLLoader.m */,
				D0B4385D173EA64300CEC846 /* SNDUpdateReminderController.h */,
				D0B4385E173EA64300CEC846 /* SNDUpdateReminderController.m */,
			);
			name = misc;
			path = ..;
			sourceTree = "<group>";
		};
/* End PBXGroup section */

/* Begin PBXNativeTarget section */
		D00AD3ED171E974600068DF1 /* SND */ = {
			isa = PBXNativeTarget;
			buildConfigurationList = D00AD40B171E974700068DF1 /* Build configuration list for PBXNativeTarget "SND" */;
			buildPhases = (
				D00AD3EA171E974600068DF1 /* Sources */,
				D00AD3EB171E974600068DF1 /* Frameworks */,
				D00AD3EC171E974600068DF1 /* Resources */,
				D0A7A3AA172A516500B86669 /* CopyFiles */,
				D04EE3A91AAB3AE400BFD7F2 /* CopyFiles */,
			);
			buildRules = (
			);
			dependencies = (
			);
			name = SND;
			productName = SND;
			productReference = D00AD3EE171E974600068DF1 /* SND.app */;
			productType = "com.apple.product-type.application";
		};
/* End PBXNativeTarget section */

/* Begin PBXProject section */
		D00AD3E6171E974600068DF1 /* Project object */ = {
			isa = PBXProject;
			attributes = {
				CLASSPREFIX = SND;
				LastUpgradeCheck = 0610;
				ORGANIZATIONNAME = "Alex Antipov";
			};
			buildConfigurationList = D00AD3E9171E974600068DF1 /* Build configuration list for PBXProject "SND" */;
			compatibilityVersion = "Xcode 3.2";
			developmentRegion = English;
			hasScannedForEncodings = 0;
			knownRegions = (
				en,
			);
			mainGroup = D00AD3E5171E974600068DF1;
			productRefGroup = D00AD3EF171E974600068DF1 /* Products */;
			projectDirPath = "";
			projectRoot = "";
			targets = (
				D00AD3ED171E974600068DF1 /* SND */,
			);
		};
/* End PBXProject section */

/* Begin PBXResourcesBuildPhase section */
		D00AD3EC171E974600068DF1 /* Resources */ = {
			isa = PBXResourcesBuildPhase;
			buildActionMask = 2147483647;
			files = (
				D00AD3FC171E974600068DF1 /* InfoPlist.strings in Resources */,
				D00AD402171E974600068DF1 /* Credits.rtf in Resources */,
				D031DA1A1724463B000DD09A /* icon.icns in Resources */,
				D09EFBB917265B950039EF03 /* pic_next.png in Resources */,
				D09EFBBA17265B950039EF03 /* pic_next@2x.png in Resources */,
				D09EFBBB17265B950039EF03 /* pic_play.png in Resources */,
				D09EFBBC17265B950039EF03 /* pic_play@2x.png in Resources */,
				D09EFBBD17265B950039EF03 /* pic_previous.png in Resources */,
				D09EFBBE17265B950039EF03 /* pic_previous@2x.png in Resources */,
				D09EFBBF17265B950039EF03 /* pic_repeat_off.png in Resources */,
				D09EFBC017265B950039EF03 /* pic_repeat_off@2x.png in Resources */,
				D09EFBC117265B950039EF03 /* pic_repeat_on.png in Resources */,
				D09EFBC217265B950039EF03 /* pic_repeat_on@2x.png in Resources */,
				D09EFBC317265B950039EF03 /* pic_shuffle_off.png in Resources */,
				D09EFBC417265B950039EF03 /* pic_shuffle_off@2x.png in Resources */,
				D09EFBC517265B950039EF03 /* pic_shuffle_on.png in Resources */,
				D09EFBC617265B950039EF03 /* pic_shuffle_on@2x.png in Resources */,
				D09EFBC917265E2C0039EF03 /* pic_pause.png in Resources */,
				D09EFBCA17265E2C0039EF03 /* pic_pause@2x.png in Resources */,
				D0D13D0F1737AB0B004AF1EB /* Preferences.xib in Resources */,
				D0D13D111737AB2F004AF1EB /* MainMenu.xib in Resources */,
				D0E716BA173A83B60062E609 /* PlaylistRename.xib in Resources */,
				D0976E78173EAC7B004172C0 /* UpdateReminder.xib in Resources */,
			);
			runOnlyForDeploymentPostprocessing = 0;
		};
/* End PBXResourcesBuildPhase section */

/* Begin PBXSourcesBuildPhase section */
		D00AD3EA171E974600068DF1 /* Sources */ = {
			isa = PBXSourcesBuildPhase;
			buildActionMask = 2147483647;
			files = (
				D00AD3FE171E974600068DF1 /* main.m in Sources */,
				D00AD405171E974600068DF1 /* SNDAppDelegate.m in Sources */,
				D00AD413171E985A00068DF1 /* SNDWindow.m in Sources */,
				D00AD41C171EA03F00068DF1 /* SNDPlaylist.m in Sources */,
				D00AD422171EAECC00068DF1 /* SNDPlaylistView.m in Sources */,
				D00518A917228E4100D7303E /* SNDPlayer.m in Sources */,
				D031DA1D1724493E000DD09A /* SNDModel.xcdatamodeld in Sources */,
				D0C489141726A053009FF7C7 /* SNDPlaybackSegmentedControl.m in Sources */,
				D0D5DB73172E74430079AFA6 /* SNDTrack.mm in Sources */,
				D05B2F8D172FA6250043A774 /* SNDBox.m in Sources */,
				D0D13D121737ADD5004AF1EB /* NSNumber+hhmmssFromSeconds.m in Sources */,
				D0D13D0B1737AAAA004AF1EB /* SNDPreferencesController.m in Sources */,
				D0363F021738093100EDA811 /* SNDTotalPlaybackTimeCounter.m in Sources */,
				D0976E7B173EAD59004172C0 /* SNDLatestVersionXMLLoader.m in Sources */,
				D0E716B6173A6FDC0062E609 /* SNDPlaylistRenameController.m in Sources */,
				D0B4385F173EA64300CEC846 /* SNDUpdateReminderController.m in Sources */,
				D01D488A173F6C5C0036DE6D /* NSString+versionsCompare.m in Sources */,
			);
			runOnlyForDeploymentPostprocessing = 0;
		};
/* End PBXSourcesBuildPhase section */

/* Begin PBXVariantGroup section */
		D00AD3FA171E974600068DF1 /* InfoPlist.strings */ = {
			isa = PBXVariantGroup;
			children = (
				D00AD3FB171E974600068DF1 /* en */,
			);
			name = InfoPlist.strings;
			sourceTree = "<group>";
		};
		D00AD400171E974600068DF1 /* Credits.rtf */ = {
			isa = PBXVariantGroup;
			children = (
				D00AD401171E974600068DF1 /* en */,
			);
			name = Credits.rtf;
			sourceTree = "<group>";
		};
/* End PBXVariantGroup section */

/* Begin XCBuildConfiguration section */
		D00AD409171E974700068DF1 /* Debug */ = {
			isa = XCBuildConfiguration;
			buildSettings = {
				ALWAYS_SEARCH_USER_PATHS = NO;
				CLANG_CXX_LANGUAGE_STANDARD = "gnu++0x";
				CLANG_CXX_LIBRARY = "libc++";
				CLANG_ENABLE_OBJC_ARC = YES;
				CLANG_WARN_CONSTANT_CONVERSION = YES;
				CLANG_WARN_EMPTY_BODY = YES;
				CLANG_WARN_ENUM_CONVERSION = YES;
				CLANG_WARN_INT_CONVERSION = YES;
				CLANG_WARN__DUPLICATE_METHOD_MATCH = YES;
				COPY_PHASE_STRIP = NO;
				FRAMEWORK_SEARCH_PATHS = "@executable_path/../Frameworks";
				GCC_C_LANGUAGE_STANDARD = gnu99;
				GCC_DYNAMIC_NO_PIC = NO;
				GCC_ENABLE_CPP_EXCEPTIONS = YES;
				GCC_ENABLE_OBJC_EXCEPTIONS = YES;
				GCC_OPTIMIZATION_LEVEL = 0;
				GCC_PREPROCESSOR_DEFINITIONS = (
					"DEBUG=1",
					"$(inherited)",
				);
				GCC_SYMBOLS_PRIVATE_EXTERN = NO;
				GCC_WARN_64_TO_32_BIT_CONVERSION = YES;
				GCC_WARN_ABOUT_RETURN_TYPE = YES;
				GCC_WARN_UNINITIALIZED_AUTOS = YES;
				GCC_WARN_UNUSED_VARIABLE = YES;
				LD_RUNPATH_SEARCH_PATHS = "@loader_path/../Frameworks";
				LIBRARY_SEARCH_PATHS = "@executable_path/../Frameworks";
				MACOSX_DEPLOYMENT_TARGET = 10.8;
				ONLY_ACTIVE_ARCH = YES;
				SDKROOT = macosx;
			};
			name = Debug;
		};
		D00AD40A171E974700068DF1 /* Release */ = {
			isa = XCBuildConfiguration;
			buildSettings = {
				ALWAYS_SEARCH_USER_PATHS = NO;
				CLANG_CXX_LANGUAGE_STANDARD = "gnu++0x";
				CLANG_CXX_LIBRARY = "libc++";
				CLANG_ENABLE_OBJC_ARC = YES;
				CLANG_WARN_CONSTANT_CONVERSION = YES;
				CLANG_WARN_EMPTY_BODY = YES;
				CLANG_WARN_ENUM_CONVERSION = YES;
				CLANG_WARN_INT_CONVERSION = YES;
				CLANG_WARN__DUPLICATE_METHOD_MATCH = YES;
				COPY_PHASE_STRIP = YES;
				DEBUG_INFORMATION_FORMAT = "dwarf-with-dsym";
				FRAMEWORK_SEARCH_PATHS = "@executable_path/../Frameworks";
				GCC_C_LANGUAGE_STANDARD = gnu99;
				GCC_ENABLE_CPP_EXCEPTIONS = YES;
				GCC_ENABLE_OBJC_EXCEPTIONS = YES;
				GCC_WARN_64_TO_32_BIT_CONVERSION = YES;
				GCC_WARN_ABOUT_RETURN_TYPE = YES;
				GCC_WARN_UNINITIALIZED_AUTOS = YES;
				GCC_WARN_UNUSED_VARIABLE = YES;
				LD_RUNPATH_SEARCH_PATHS = "@loader_path/../Frameworks";
				LIBRARY_SEARCH_PATHS = "@executable_path/../Frameworks";
				MACOSX_DEPLOYMENT_TARGET = 10.8;
				SDKROOT = macosx;
			};
			name = Release;
		};
		D00AD40C171E974700068DF1 /* Debug */ = {
			isa = XCBuildConfiguration;
			buildSettings = {
				ALWAYS_SEARCH_USER_PATHS = YES;
				COMBINE_HIDPI_IMAGES = YES;
				EXCLUDED_RECURSIVE_SEARCH_PATH_SUBDIRECTORIES = "*.nib *.lproj *.gch *.xcode* (*) .DS_Store CVS .svn .git .hg";
				FRAMEWORK_SEARCH_PATHS = (
					"$(SRCROOT)/SND/Frameworks",
					"$(PROJECT_DIR)/SND/Frameworks",
				);
				GCC_PRECOMPILE_PREFIX_HEADER = YES;
				GCC_PREFIX_HEADER = "SND/SND-Prefix.pch";
				GCC_VERSION = "";
				HEADER_SEARCH_PATHS = "$(inherited)";
				INFOPLIST_FILE = "SND/SND-Info.plist";
				LD_RUNPATH_SEARCH_PATHS = "@loader_path/../Frameworks";
				LIBRARY_SEARCH_PATHS = "$(SRCROOT)/SND/Frameworks";
				MACOSX_DEPLOYMENT_TARGET = 10.8;
				ONLY_ACTIVE_ARCH = YES;
				PRODUCT_NAME = "$(TARGET_NAME)";
				USER_HEADER_SEARCH_PATHS = "";
				WRAPPER_EXTENSION = app;
			};
			name = Debug;
		};
		D00AD40D171E974700068DF1 /* Release */ = {
			isa = XCBuildConfiguration;
			buildSettings = {
				ALWAYS_SEARCH_USER_PATHS = YES;
				COMBINE_HIDPI_IMAGES = YES;
				EXCLUDED_RECURSIVE_SEARCH_PATH_SUBDIRECTORIES = "*.nib *.lproj *.gch *.xcode* (*) .DS_Store CVS .svn .git .hg";
				FRAMEWORK_SEARCH_PATHS = (
					"$(SRCROOT)/SND/Frameworks",
					"$(PROJECT_DIR)/SND/Frameworks",
				);
				GCC_PRECOMPILE_PREFIX_HEADER = YES;
				GCC_PREFIX_HEADER = "SND/SND-Prefix.pch";
				GCC_VERSION = "";
				HEADER_SEARCH_PATHS = "$(inherited)";
				INFOPLIST_FILE = "SND/SND-Info.plist";
				LD_RUNPATH_SEARCH_PATHS = "@loader_path/../Frameworks";
				LIBRARY_SEARCH_PATHS = "$(SRCROOT)/SND/Frameworks";
				MACOSX_DEPLOYMENT_TARGET = 10.8;
				ONLY_ACTIVE_ARCH = NO;
				PRODUCT_NAME = "$(TARGET_NAME)";
				USER_HEADER_SEARCH_PATHS = "";
				WRAPPER_EXTENSION = app;
			};
			name = Release;
		};
/* End XCBuildConfiguration section */

/* Begin XCConfigurationList section */
		D00AD3E9171E974600068DF1 /* Build configuration list for PBXProject "SND" */ = {
			isa = XCConfigurationList;
			buildConfigurations = (
				D00AD409171E974700068DF1 /* Debug */,
				D00AD40A171E974700068DF1 /* Release */,
			);
			defaultConfigurationIsVisible = 0;
			defaultConfigurationName = Release;
		};
		D00AD40B171E974700068DF1 /* Build configuration list for PBXNativeTarget "SND" */ = {
			isa = XCConfigurationList;
			buildConfigurations = (
				D00AD40C171E974700068DF1 /* Debug */,
				D00AD40D171E974700068DF1 /* Release */,
			);
			defaultConfigurationIsVisible = 0;
			defaultConfigurationName = Release;
		};
/* End XCConfigurationList section */

/* Begin XCVersionGroup section */
		D031DA1B1724493E000DD09A /* SNDModel.xcdatamodeld */ = {
			isa = XCVersionGroup;
			children = (
				D031DA1C1724493E000DD09A /* SNDModel.xcdatamodel */,
			);
			currentVersion = D031DA1C1724493E000DD09A /* SNDModel.xcdatamodel */;
			path = SNDModel.xcdatamodeld;
			sourceTree = "<group>";
			versionGroupType = wrapper.xcdatamodel;
		};
/* End XCVersionGroup section */
	};
	rootObject = D00AD3E6171E974600068DF1 /* Project object */;
}
